
Microsoft Visual Studio Solution File, Format Version 12.00
# Visual Studio Version 17
VisualStudioVersion = 17.8.34330.188
MinimumVisualStudioVersion = 10.0.40219.1
Project("{FAE04EC0-301F-11D3-BF4B-00C04F79EFBC}") = "Projeto1", "Projeto1\Projeto1.csproj", "{71DCF08F-0E09-4A3F-8637-CB7EC5F260A6}"
EndProject
Global
	GlobalSection(SolutionConfigurationPlatforms) = preSolution
		Debug|Any CPU = Debug|Any CPU
		Release|Any CPU = Release|Any CPU
	EndGlobalSection
	GlobalSection(ProjectConfigurationPlatforms) = postSolution
		{71DCF08F-0E09-4A3F-8637-CB7EC5F260A6}.Debug|Any CPU.ActiveCfg = Debug|Any CPU
		{71DCF08F-0E09-4A3F-8637-CB7EC5F260A6}.Debug|Any CPU.Build.0 = Debug|Any CPU
		{71DCF08F-0E09-4A3F-8637-CB7EC5F260A6}.Debug|Any CPU.Deploy.0 = Debug|Any CPU
		{71DCF08F-0E09-4A3F-8637-CB7EC5F260A6}.Release|Any CPU.ActiveCfg = Release|Any CPU
		{71DCF08F-0E09-4A3F-8637-CB7EC5F260A6}.Release|Any CPU.Build.0 = Release|Any CPU
		{71DCF08F-0E09-4A3F-8637-CB7EC5F260A6}.Release|Any CPU.Deploy.0 = Release|Any CPU
	EndGlobalSection
	GlobalSection(SolutionProperties) = preSolution
		HideSolutionNode = FALSE
	EndGlobalSection
	GlobalSection(ExtensibilityGlobals) = postSolution
		SolutionGuid = {4FAB5808-5CD5-469B-8ACE-94C9B20AC62B}
	EndGlobalSection
EndGlobal
